// !$*UTF8*$!
{
	archiveVersion = 1;
	classes = {
	};
	objectVersion = 51;
	objects = {

/* Begin PBXBuildFile section */
		4C07CF9E258A315D005EFF74 /* SideMenu.swift in Sources */ = {isa = PBXBuildFile; fileRef = 4C07CF9D258A315D005EFF74 /* SideMenu.swift */; };
		4C07CFA3258A345B005EFF74 /* PlacesViewController.swift in Sources */ = {isa = PBXBuildFile; fileRef = 4C07CFA2258A345B005EFF74 /* PlacesViewController.swift */; };
		4C07CFA8258A3470005EFF74 /* FavoritesViewController.swift in Sources */ = {isa = PBXBuildFile; fileRef = 4C07CFA7258A3470005EFF74 /* FavoritesViewController.swift */; };
		4C07CFAD258A3480005EFF74 /* InfoViewController.swift in Sources */ = {isa = PBXBuildFile; fileRef = 4C07CFAC258A3480005EFF74 /* InfoViewController.swift */; };
		4C07CFB5258A3FAC005EFF74 /* HomeTableView.swift in Sources */ = {isa = PBXBuildFile; fileRef = 4C07CFB4258A3FAC005EFF74 /* HomeTableView.swift */; };
		4C07CFBA258A433A005EFF74 /* HomeCell.swift in Sources */ = {isa = PBXBuildFile; fileRef = 4C07CFB9258A433A005EFF74 /* HomeCell.swift */; };
		4C07CFCF258A6647005EFF74 /* PlacesCell.swift in Sources */ = {isa = PBXBuildFile; fileRef = 4C07CFCE258A6647005EFF74 /* PlacesCell.swift */; };
		4C07CFD7258A66C3005EFF74 /* PlacesTableView.swift in Sources */ = {isa = PBXBuildFile; fileRef = 4C07CFD6258A66C3005EFF74 /* PlacesTableView.swift */; };
		4CEA7495258A0B6400F0183C /* AppDelegate.swift in Sources */ = {isa = PBXBuildFile; fileRef = 4CEA7494258A0B6400F0183C /* AppDelegate.swift */; };
		4CEA7497258A0B6400F0183C /* SceneDelegate.swift in Sources */ = {isa = PBXBuildFile; fileRef = 4CEA7496258A0B6400F0183C /* SceneDelegate.swift */; };
		4CEA7499258A0B6400F0183C /* ViewController.swift in Sources */ = {isa = PBXBuildFile; fileRef = 4CEA7498258A0B6400F0183C /* ViewController.swift */; };
		4CEA749C258A0B6400F0183C /* Main.storyboard in Resources */ = {isa = PBXBuildFile; fileRef = 4CEA749A258A0B6400F0183C /* Main.storyboard */; };
		4CEA749E258A0B6800F0183C /* Assets.xcassets in Resources */ = {isa = PBXBuildFile; fileRef = 4CEA749D258A0B6800F0183C /* Assets.xcassets */; };
		4CEA74A1258A0B6800F0183C /* LaunchScreen.storyboard in Resources */ = {isa = PBXBuildFile; fileRef = 4CEA749F258A0B6800F0183C /* LaunchScreen.storyboard */; };
		4CEA74AC258A0B6900F0183C /* StumioTests.swift in Sources */ = {isa = PBXBuildFile; fileRef = 4CEA74AB258A0B6900F0183C /* StumioTests.swift */; };
		4CEA74B7258A0B6900F0183C /* StumioUITests.swift in Sources */ = {isa = PBXBuildFile; fileRef = 4CEA74B6258A0B6900F0183C /* StumioUITests.swift */; };
		4CF357B025B09175000A734C /* GoogleService-Info.plist in Resources */ = {isa = PBXBuildFile; fileRef = 4CF357AF25B09175000A734C /* GoogleService-Info.plist */; };
		4CF3581425B0CB0F000A734C /* Restaurant.swift in Sources */ = {isa = PBXBuildFile; fileRef = 4CF3581325B0CB0F000A734C /* Restaurant.swift */; };
		79F781F2F6BE1EC08706BDAA /* Pods_StumioTests.framework in Frameworks */ = {isa = PBXBuildFile; fileRef = 44AA505A67DD77DD8E6FB092 /* Pods_StumioTests.framework */; };
		802709C9C3694169C0239C2F /* Pods_Stumio.framework in Frameworks */ = {isa = PBXBuildFile; fileRef = 7D47DE6B90B25BC8BD9254F5 /* Pods_Stumio.framework */; };
		A58DA9DDBF0C3AC5B53DB1CE /* Pods_Stumio_StumioUITests.framework in Frameworks */ = {isa = PBXBuildFile; fileRef = 2015D1FB8FCAC1E6575FD57F /* Pods_Stumio_StumioUITests.framework */; };
/* End PBXBuildFile section */

/* Begin PBXContainerItemProxy section */
		4CEA74A8258A0B6900F0183C /* PBXContainerItemProxy */ = {
			isa = PBXContainerItemProxy;
			containerPortal = 4CEA7489258A0B6400F0183C /* Project object */;
			proxyType = 1;
			remoteGlobalIDString = 4CEA7490258A0B6400F0183C;
			remoteInfo = Stumio;
		};
		4CEA74B3258A0B6900F0183C /* PBXContainerItemProxy */ = {
			isa = PBXContainerItemProxy;
			containerPortal = 4CEA7489258A0B6400F0183C /* Project object */;
			proxyType = 1;
			remoteGlobalIDString = 4CEA7490258A0B6400F0183C;
			remoteInfo = Stumio;
		};
/* End PBXContainerItemProxy section */

/* Begin PBXFileReference section */
		0F6E7836F7C9DA43F6126A22 /* Pods-Stumio.debug.xcconfig */ = {isa = PBXFileReference; includeInIndex = 1; lastKnownFileType = text.xcconfig; name = "Pods-Stumio.debug.xcconfig"; path = "Target Support Files/Pods-Stumio/Pods-Stumio.debug.xcconfig"; sourceTree = "<group>"; };
		2015D1FB8FCAC1E6575FD57F /* Pods_Stumio_StumioUITests.framework */ = {isa = PBXFileReference; explicitFileType = wrapper.framework; includeInIndex = 0; path = Pods_Stumio_StumioUITests.framework; sourceTree = BUILT_PRODUCTS_DIR; };
		44AA505A67DD77DD8E6FB092 /* Pods_StumioTests.framework */ = {isa = PBXFileReference; explicitFileType = wrapper.framework; includeInIndex = 0; path = Pods_StumioTests.framework; sourceTree = BUILT_PRODUCTS_DIR; };
		4C07CF9D258A315D005EFF74 /* SideMenu.swift */ = {isa = PBXFileReference; lastKnownFileType = sourcecode.swift; path = SideMenu.swift; sourceTree = "<group>"; };
		4C07CFA2258A345B005EFF74 /* PlacesViewController.swift */ = {isa = PBXFileReference; lastKnownFileType = sourcecode.swift; path = PlacesViewController.swift; sourceTree = "<group>"; };
		4C07CFA7258A3470005EFF74 /* FavoritesViewController.swift */ = {isa = PBXFileReference; lastKnownFileType = sourcecode.swift; path = FavoritesViewController.swift; sourceTree = "<group>"; };
		4C07CFAC258A3480005EFF74 /* InfoViewController.swift */ = {isa = PBXFileReference; lastKnownFileType = sourcecode.swift; path = InfoViewController.swift; sourceTree = "<group>"; };
		4C07CFB4258A3FAC005EFF74 /* HomeTableView.swift */ = {isa = PBXFileReference; lastKnownFileType = sourcecode.swift; path = HomeTableView.swift; sourceTree = "<group>"; };
		4C07CFB9258A433A005EFF74 /* HomeCell.swift */ = {isa = PBXFileReference; lastKnownFileType = sourcecode.swift; path = HomeCell.swift; sourceTree = "<group>"; };
		4C07CFCE258A6647005EFF74 /* PlacesCell.swift */ = {isa = PBXFileReference; lastKnownFileType = sourcecode.swift; path = PlacesCell.swift; sourceTree = "<group>"; };
		4C07CFD6258A66C3005EFF74 /* PlacesTableView.swift */ = {isa = PBXFileReference; lastKnownFileType = sourcecode.swift; path = PlacesTableView.swift; sourceTree = "<group>"; };
		4CEA7491258A0B6400F0183C /* Stumio.app */ = {isa = PBXFileReference; explicitFileType = wrapper.application; includeInIndex = 0; path = Stumio.app; sourceTree = BUILT_PRODUCTS_DIR; };
		4CEA7494258A0B6400F0183C /* AppDelegate.swift */ = {isa = PBXFileReference; lastKnownFileType = sourcecode.swift; path = AppDelegate.swift; sourceTree = "<group>"; };
		4CEA7496258A0B6400F0183C /* SceneDelegate.swift */ = {isa = PBXFileReference; lastKnownFileType = sourcecode.swift; path = SceneDelegate.swift; sourceTree = "<group>"; };
		4CEA7498258A0B6400F0183C /* ViewController.swift */ = {isa = PBXFileReference; lastKnownFileType = sourcecode.swift; path = ViewController.swift; sourceTree = "<group>"; };
		4CEA749B258A0B6400F0183C /* Base */ = {isa = PBXFileReference; lastKnownFileType = file.storyboard; name = Base; path = Base.lproj/Main.storyboard; sourceTree = "<group>"; };
		4CEA749D258A0B6800F0183C /* Assets.xcassets */ = {isa = PBXFileReference; lastKnownFileType = folder.assetcatalog; path = Assets.xcassets; sourceTree = "<group>"; };
		4CEA74A0258A0B6800F0183C /* Base */ = {isa = PBXFileReference; lastKnownFileType = file.storyboard; name = Base; path = Base.lproj/LaunchScreen.storyboard; sourceTree = "<group>"; };
		4CEA74A2258A0B6800F0183C /* Info.plist */ = {isa = PBXFileReference; lastKnownFileType = text.plist.xml; path = Info.plist; sourceTree = "<group>"; };
		4CEA74A7258A0B6900F0183C /* StumioTests.xctest */ = {isa = PBXFileReference; explicitFileType = wrapper.cfbundle; includeInIndex = 0; path = StumioTests.xctest; sourceTree = BUILT_PRODUCTS_DIR; };
		4CEA74AB258A0B6900F0183C /* StumioTests.swift */ = {isa = PBXFileReference; lastKnownFileType = sourcecode.swift; path = StumioTests.swift; sourceTree = "<group>"; };
		4CEA74AD258A0B6900F0183C /* Info.plist */ = {isa = PBXFileReference; lastKnownFileType = text.plist.xml; path = Info.plist; sourceTree = "<group>"; };
		4CEA74B2258A0B6900F0183C /* StumioUITests.xctest */ = {isa = PBXFileReference; explicitFileType = wrapper.cfbundle; includeInIndex = 0; path = StumioUITests.xctest; sourceTree = BUILT_PRODUCTS_DIR; };
		4CEA74B6258A0B6900F0183C /* StumioUITests.swift */ = {isa = PBXFileReference; lastKnownFileType = sourcecode.swift; path = StumioUITests.swift; sourceTree = "<group>"; };
		4CEA74B8258A0B6900F0183C /* Info.plist */ = {isa = PBXFileReference; lastKnownFileType = text.plist.xml; path = Info.plist; sourceTree = "<group>"; };
		4CF357AF25B09175000A734C /* GoogleService-Info.plist */ = {isa = PBXFileReference; fileEncoding = 4; lastKnownFileType = text.plist.xml; path = "GoogleService-Info.plist"; sourceTree = "<group>"; };
		4CF3581325B0CB0F000A734C /* Restaurant.swift */ = {isa = PBXFileReference; lastKnownFileType = sourcecode.swift; path = Restaurant.swift; sourceTree = "<group>"; };
		642DC9A515B877F3B05B625B /* Pods-StumioTests.release.xcconfig */ = {isa = PBXFileReference; includeInIndex = 1; lastKnownFileType = text.xcconfig; name = "Pods-StumioTests.release.xcconfig"; path = "Target Support Files/Pods-StumioTests/Pods-StumioTests.release.xcconfig"; sourceTree = "<group>"; };
		7D47DE6B90B25BC8BD9254F5 /* Pods_Stumio.framework */ = {isa = PBXFileReference; explicitFileType = wrapper.framework; includeInIndex = 0; path = Pods_Stumio.framework; sourceTree = BUILT_PRODUCTS_DIR; };
		8ABC660FFDC70F2C7483547B /* Pods-Stumio.release.xcconfig */ = {isa = PBXFileReference; includeInIndex = 1; lastKnownFileType = text.xcconfig; name = "Pods-Stumio.release.xcconfig"; path = "Target Support Files/Pods-Stumio/Pods-Stumio.release.xcconfig"; sourceTree = "<group>"; };
		B81776D90CE87DE0D02C0FB5 /* Pods-Stumio-StumioUITests.release.xcconfig */ = {isa = PBXFileReference; includeInIndex = 1; lastKnownFileType = text.xcconfig; name = "Pods-Stumio-StumioUITests.release.xcconfig"; path = "Target Support Files/Pods-Stumio-StumioUITests/Pods-Stumio-StumioUITests.release.xcconfig"; sourceTree = "<group>"; };
		B98B6D107B74BD6794C9850F /* Pods-StumioTests.debug.xcconfig */ = {isa = PBXFileReference; includeInIndex = 1; lastKnownFileType = text.xcconfig; name = "Pods-StumioTests.debug.xcconfig"; path = "Target Support Files/Pods-StumioTests/Pods-StumioTests.debug.xcconfig"; sourceTree = "<group>"; };
		F6D4B864489F2D003C6AE882 /* Pods-Stumio-StumioUITests.debug.xcconfig */ = {isa = PBXFileReference; includeInIndex = 1; lastKnownFileType = text.xcconfig; name = "Pods-Stumio-StumioUITests.debug.xcconfig"; path = "Target Support Files/Pods-Stumio-StumioUITests/Pods-Stumio-StumioUITests.debug.xcconfig"; sourceTree = "<group>"; };
/* End PBXFileReference section */

/* Begin PBXFrameworksBuildPhase section */
		4CEA748E258A0B6400F0183C /* Frameworks */ = {
			isa = PBXFrameworksBuildPhase;
			buildActionMask = 2147483647;
			files = (
				802709C9C3694169C0239C2F /* Pods_Stumio.framework in Frameworks */,
			);
			runOnlyForDeploymentPostprocessing = 0;
		};
		4CEA74A4258A0B6900F0183C /* Frameworks */ = {
			isa = PBXFrameworksBuildPhase;
			buildActionMask = 2147483647;
			files = (
				79F781F2F6BE1EC08706BDAA /* Pods_StumioTests.framework in Frameworks */,
			);
			runOnlyForDeploymentPostprocessing = 0;
		};
		4CEA74AF258A0B6900F0183C /* Frameworks */ = {
			isa = PBXFrameworksBuildPhase;
			buildActionMask = 2147483647;
			files = (
				A58DA9DDBF0C3AC5B53DB1CE /* Pods_Stumio_StumioUITests.framework in Frameworks */,
			);
			runOnlyForDeploymentPostprocessing = 0;
		};
/* End PBXFrameworksBuildPhase section */

/* Begin PBXGroup section */
		4CEA7488258A0B6400F0183C = {
			isa = PBXGroup;
			children = (
				4CEA7493258A0B6400F0183C /* Stumio */,
				4CEA74AA258A0B6900F0183C /* StumioTests */,
				4CEA74B5258A0B6900F0183C /* StumioUITests */,
				4CEA7492258A0B6400F0183C /* Products */,
				66CDF0177096F4497B253BA4 /* Pods */,
				96DC77389731E244F01B2CFD /* Frameworks */,
			);
			sourceTree = "<group>";
		};
		4CEA7492258A0B6400F0183C /* Products */ = {
			isa = PBXGroup;
			children = (
				4CEA7491258A0B6400F0183C /* Stumio.app */,
				4CEA74A7258A0B6900F0183C /* StumioTests.xctest */,
				4CEA74B2258A0B6900F0183C /* StumioUITests.xctest */,
			);
			name = Products;
			sourceTree = "<group>";
		};
		4CEA7493258A0B6400F0183C /* Stumio */ = {
			isa = PBXGroup;
			children = (
				4CEA7494258A0B6400F0183C /* AppDelegate.swift */,
				4CEA7496258A0B6400F0183C /* SceneDelegate.swift */,
				4CEA7498258A0B6400F0183C /* ViewController.swift */,
				4C07CF9D258A315D005EFF74 /* SideMenu.swift */,
				4CEA749A258A0B6400F0183C /* Main.storyboard */,
				4C07CFCE258A6647005EFF74 /* PlacesCell.swift */,
				4C07CFD6258A66C3005EFF74 /* PlacesTableView.swift */,
				4C07CFB9258A433A005EFF74 /* HomeCell.swift */,
				4C07CFB4258A3FAC005EFF74 /* HomeTableView.swift */,
				4CF3581325B0CB0F000A734C /* Restaurant.swift */,
				4C07CFA2258A345B005EFF74 /* PlacesViewController.swift */,
				4C07CFA7258A3470005EFF74 /* FavoritesViewController.swift */,
				4C07CFAC258A3480005EFF74 /* InfoViewController.swift */,
				4CEA749D258A0B6800F0183C /* Assets.xcassets */,
				4CEA749F258A0B6800F0183C /* LaunchScreen.storyboard */,
				4CF357AF25B09175000A734C /* GoogleService-Info.plist */,
				4CEA74A2258A0B6800F0183C /* Info.plist */,
			);
			path = Stumio;
			sourceTree = "<group>";
		};
		4CEA74AA258A0B6900F0183C /* StumioTests */ = {
			isa = PBXGroup;
			children = (
				4CEA74AB258A0B6900F0183C /* StumioTests.swift */,
				4CEA74AD258A0B6900F0183C /* Info.plist */,
			);
			path = StumioTests;
			sourceTree = "<group>";
		};
		4CEA74B5258A0B6900F0183C /* StumioUITests */ = {
			isa = PBXGroup;
			children = (
				4CEA74B6258A0B6900F0183C /* StumioUITests.swift */,
				4CEA74B8258A0B6900F0183C /* Info.plist */,
			);
			path = StumioUITests;
			sourceTree = "<group>";
		};
		66CDF0177096F4497B253BA4 /* Pods */ = {
			isa = PBXGroup;
			children = (
				0F6E7836F7C9DA43F6126A22 /* Pods-Stumio.debug.xcconfig */,
				8ABC660FFDC70F2C7483547B /* Pods-Stumio.release.xcconfig */,
				F6D4B864489F2D003C6AE882 /* Pods-Stumio-StumioUITests.debug.xcconfig */,
				B81776D90CE87DE0D02C0FB5 /* Pods-Stumio-StumioUITests.release.xcconfig */,
				B98B6D107B74BD6794C9850F /* Pods-StumioTests.debug.xcconfig */,
				642DC9A515B877F3B05B625B /* Pods-StumioTests.release.xcconfig */,
			);
			path = Pods;
			sourceTree = "<group>";
		};
		96DC77389731E244F01B2CFD /* Frameworks */ = {
			isa = PBXGroup;
			children = (
				7D47DE6B90B25BC8BD9254F5 /* Pods_Stumio.framework */,
				2015D1FB8FCAC1E6575FD57F /* Pods_Stumio_StumioUITests.framework */,
				44AA505A67DD77DD8E6FB092 /* Pods_StumioTests.framework */,
			);
			name = Frameworks;
			sourceTree = "<group>";
		};
/* End PBXGroup section */

/* Begin PBXNativeTarget section */
		4CEA7490258A0B6400F0183C /* Stumio */ = {
			isa = PBXNativeTarget;
			buildConfigurationList = 4CEA74BB258A0B6900F0183C /* Build configuration list for PBXNativeTarget "Stumio" */;
			buildPhases = (
				A0FAE918D70BCBF12D7E124F /* [CP] Check Pods Manifest.lock */,
				4CEA748D258A0B6400F0183C /* Sources */,
				4CEA748E258A0B6400F0183C /* Frameworks */,
				4CEA748F258A0B6400F0183C /* Resources */,
				AE9EE5EA04A6E38075778A73 /* [CP] Embed Pods Frameworks */,
			);
			buildRules = (
			);
			dependencies = (
			);
			name = Stumio;
			productName = Stumio;
			productReference = 4CEA7491258A0B6400F0183C /* Stumio.app */;
			productType = "com.apple.product-type.application";
		};
		4CEA74A6258A0B6900F0183C /* StumioTests */ = {
			isa = PBXNativeTarget;
			buildConfigurationList = 4CEA74BE258A0B6900F0183C /* Build configuration list for PBXNativeTarget "StumioTests" */;
			buildPhases = (
				956708123CDBF584D3637AE7 /* [CP] Check Pods Manifest.lock */,
				4CEA74A3258A0B6900F0183C /* Sources */,
				4CEA74A4258A0B6900F0183C /* Frameworks */,
				4CEA74A5258A0B6900F0183C /* Resources */,
			);
			buildRules = (
			);
			dependencies = (
				4CEA74A9258A0B6900F0183C /* PBXTargetDependency */,
			);
			name = StumioTests;
			productName = StumioTests;
			productReference = 4CEA74A7258A0B6900F0183C /* StumioTests.xctest */;
			productType = "com.apple.product-type.bundle.unit-test";
		};
		4CEA74B1258A0B6900F0183C /* StumioUITests */ = {
			isa = PBXNativeTarget;
			buildConfigurationList = 4CEA74C1258A0B6900F0183C /* Build configuration list for PBXNativeTarget "StumioUITests" */;
			buildPhases = (
				14D1712BFE1FD3E008504BBF /* [CP] Check Pods Manifest.lock */,
				4CEA74AE258A0B6900F0183C /* Sources */,
				4CEA74AF258A0B6900F0183C /* Frameworks */,
				4CEA74B0258A0B6900F0183C /* Resources */,
				006FF04E5F5DB5B1EC9B20A0 /* [CP] Embed Pods Frameworks */,
			);
			buildRules = (
			);
			dependencies = (
				4CEA74B4258A0B6900F0183C /* PBXTargetDependency */,
			);
			name = StumioUITests;
			productName = StumioUITests;
			productReference = 4CEA74B2258A0B6900F0183C /* StumioUITests.xctest */;
			productType = "com.apple.product-type.bundle.ui-testing";
		};
/* End PBXNativeTarget section */

/* Begin PBXProject section */
		4CEA7489258A0B6400F0183C /* Project object */ = {
			isa = PBXProject;
			attributes = {
				LastSwiftUpdateCheck = 1220;
				LastUpgradeCheck = 1220;
				TargetAttributes = {
					4CEA7490258A0B6400F0183C = {
						CreatedOnToolsVersion = 12.2;
					};
					4CEA74A6258A0B6900F0183C = {
						CreatedOnToolsVersion = 12.2;
						TestTargetID = 4CEA7490258A0B6400F0183C;
					};
					4CEA74B1258A0B6900F0183C = {
						CreatedOnToolsVersion = 12.2;
						TestTargetID = 4CEA7490258A0B6400F0183C;
					};
				};
			};
			buildConfigurationList = 4CEA748C258A0B6400F0183C /* Build configuration list for PBXProject "Stumio" */;
			compatibilityVersion = "Xcode 9.3";
			developmentRegion = en;
			hasScannedForEncodings = 0;
			knownRegions = (
				en,
				Base,
			);
			mainGroup = 4CEA7488258A0B6400F0183C;
			productRefGroup = 4CEA7492258A0B6400F0183C /* Products */;
			projectDirPath = "";
			projectRoot = "";
			targets = (
				4CEA7490258A0B6400F0183C /* Stumio */,
				4CEA74A6258A0B6900F0183C /* StumioTests */,
				4CEA74B1258A0B6900F0183C /* StumioUITests */,
			);
		};
/* End PBXProject section */

/* Begin PBXResourcesBuildPhase section */
		4CEA748F258A0B6400F0183C /* Resources */ = {
			isa = PBXResourcesBuildPhase;
			buildActionMask = 2147483647;
			files = (
				4CF357B025B09175000A734C /* GoogleService-Info.plist in Resources */,
				4CEA74A1258A0B6800F0183C /* LaunchScreen.storyboard in Resources */,
				4CEA749E258A0B6800F0183C /* Assets.xcassets in Resources */,
				4CEA749C258A0B6400F0183C /* Main.storyboard in Resources */,
			);
			runOnlyForDeploymentPostprocessing = 0;
		};
		4CEA74A5258A0B6900F0183C /* Resources */ = {
			isa = PBXResourcesBuildPhase;
			buildActionMask = 2147483647;
			files = (
			);
			runOnlyForDeploymentPostprocessing = 0;
		};
		4CEA74B0258A0B6900F0183C /* Resources */ = {
			isa = PBXResourcesBuildPhase;
			buildActionMask = 2147483647;
			files = (
			);
			runOnlyForDeploymentPostprocessing = 0;
		};
/* End PBXResourcesBuildPhase section */

/* Begin PBXShellScriptBuildPhase section */
		006FF04E5F5DB5B1EC9B20A0 /* [CP] Embed Pods Frameworks */ = {
			isa = PBXShellScriptBuildPhase;
			buildActionMask = 2147483647;
			files = (
			);
			inputFileListPaths = (
				"${PODS_ROOT}/Target Support Files/Pods-Stumio-StumioUITests/Pods-Stumio-StumioUITests-frameworks-${CONFIGURATION}-input-files.xcfilelist",
			);
			name = "[CP] Embed Pods Frameworks";
			outputFileListPaths = (
				"${PODS_ROOT}/Target Support Files/Pods-Stumio-StumioUITests/Pods-Stumio-StumioUITests-frameworks-${CONFIGURATION}-output-files.xcfilelist",
			);
			runOnlyForDeploymentPostprocessing = 0;
			shellPath = /bin/sh;
			shellScript = "\"${PODS_ROOT}/Target Support Files/Pods-Stumio-StumioUITests/Pods-Stumio-StumioUITests-frameworks.sh\"\n";
			showEnvVarsInLog = 0;
		};
		14D1712BFE1FD3E008504BBF /* [CP] Check Pods Manifest.lock */ = {
			isa = PBXShellScriptBuildPhase;
			buildActionMask = 2147483647;
			files = (
			);
			inputFileListPaths = (
			);
			inputPaths = (
				"${PODS_PODFILE_DIR_PATH}/Podfile.lock",
				"${PODS_ROOT}/Manifest.lock",
			);
			name = "[CP] Check Pods Manifest.lock";
			outputFileListPaths = (
			);
			outputPaths = (
				"$(DERIVED_FILE_DIR)/Pods-Stumio-StumioUITests-checkManifestLockResult.txt",
			);
			runOnlyForDeploymentPostprocessing = 0;
			shellPath = /bin/sh;
			shellScript = "diff \"${PODS_PODFILE_DIR_PATH}/Podfile.lock\" \"${PODS_ROOT}/Manifest.lock\" > /dev/null\nif [ $? != 0 ] ; then\n    # print error to STDERR\n    echo \"error: The sandbox is not in sync with the Podfile.lock. Run 'pod install' or update your CocoaPods installation.\" >&2\n    exit 1\nfi\n# This output is used by Xcode 'outputs' to avoid re-running this script phase.\necho \"SUCCESS\" > \"${SCRIPT_OUTPUT_FILE_0}\"\n";
			showEnvVarsInLog = 0;
		};
		956708123CDBF584D3637AE7 /* [CP] Check Pods Manifest.lock */ = {
			isa = PBXShellScriptBuildPhase;
			buildActionMask = 2147483647;
			files = (
			);
			inputFileListPaths = (
			);
			inputPaths = (
				"${PODS_PODFILE_DIR_PATH}/Podfile.lock",
				"${PODS_ROOT}/Manifest.lock",
			);
			name = "[CP] Check Pods Manifest.lock";
			outputFileListPaths = (
			);
			outputPaths = (
				"$(DERIVED_FILE_DIR)/Pods-StumioTests-checkManifestLockResult.txt",
			);
			runOnlyForDeploymentPostprocessing = 0;
			shellPath = /bin/sh;
			shellScript = "diff \"${PODS_PODFILE_DIR_PATH}/Podfile.lock\" \"${PODS_ROOT}/Manifest.lock\" > /dev/null\nif [ $? != 0 ] ; then\n    # print error to STDERR\n    echo \"error: The sandbox is not in sync with the Podfile.lock. Run 'pod install' or update your CocoaPods installation.\" >&2\n    exit 1\nfi\n# This output is used by Xcode 'outputs' to avoid re-running this script phase.\necho \"SUCCESS\" > \"${SCRIPT_OUTPUT_FILE_0}\"\n";
			showEnvVarsInLog = 0;
		};
		A0FAE918D70BCBF12D7E124F /* [CP] Check Pods Manifest.lock */ = {
			isa = PBXShellScriptBuildPhase;
			buildActionMask = 2147483647;
			files = (
			);
			inputFileListPaths = (
			);
			inputPaths = (
				"${PODS_PODFILE_DIR_PATH}/Podfile.lock",
				"${PODS_ROOT}/Manifest.lock",
			);
			name = "[CP] Check Pods Manifest.lock";
			outputFileListPaths = (
			);
			outputPaths = (
				"$(DERIVED_FILE_DIR)/Pods-Stumio-checkManifestLockResult.txt",
			);
			runOnlyForDeploymentPostprocessing = 0;
			shellPath = /bin/sh;
			shellScript = "diff \"${PODS_PODFILE_DIR_PATH}/Podfile.lock\" \"${PODS_ROOT}/Manifest.lock\" > /dev/null\nif [ $? != 0 ] ; then\n    # print error to STDERR\n    echo \"error: The sandbox is not in sync with the Podfile.lock. Run 'pod install' or update your CocoaPods installation.\" >&2\n    exit 1\nfi\n# This output is used by Xcode 'outputs' to avoid re-running this script phase.\necho \"SUCCESS\" > \"${SCRIPT_OUTPUT_FILE_0}\"\n";
			showEnvVarsInLog = 0;
		};
		AE9EE5EA04A6E38075778A73 /* [CP] Embed Pods Frameworks */ = {
			isa = PBXShellScriptBuildPhase;
			buildActionMask = 2147483647;
			files = (
			);
			inputFileListPaths = (
				"${PODS_ROOT}/Target Support Files/Pods-Stumio/Pods-Stumio-frameworks-${CONFIGURATION}-input-files.xcfilelist",
			);
			name = "[CP] Embed Pods Frameworks";
			outputFileListPaths = (
				"${PODS_ROOT}/Target Support Files/Pods-Stumio/Pods-Stumio-frameworks-${CONFIGURATION}-output-files.xcfilelist",
			);
			runOnlyForDeploymentPostprocessing = 0;
			shellPath = /bin/sh;
			shellScript = "\"${PODS_ROOT}/Target Support Files/Pods-Stumio/Pods-Stumio-frameworks.sh\"\n";
			showEnvVarsInLog = 0;
		};
/* End PBXShellScriptBuildPhase section */

/* Begin PBXSourcesBuildPhase section */
		4CEA748D258A0B6400F0183C /* Sources */ = {
			isa = PBXSourcesBuildPhase;
			buildActionMask = 2147483647;
			files = (
				4CEA7499258A0B6400F0183C /* ViewController.swift in Sources */,
				4CEA7495258A0B6400F0183C /* AppDelegate.swift in Sources */,
				4C07CFB5258A3FAC005EFF74 /* HomeTableView.swift in Sources */,
				4CEA7497258A0B6400F0183C /* SceneDelegate.swift in Sources */,
				4C07CFAD258A3480005EFF74 /* InfoViewController.swift in Sources */,
				4C07CFCF258A6647005EFF74 /* PlacesCell.swift in Sources */,
				4C07CFA3258A345B005EFF74 /* PlacesViewController.swift in Sources */,
				4C07CFA8258A3470005EFF74 /* FavoritesViewController.swift in Sources */,
				4CF3581425B0CB0F000A734C /* Restaurant.swift in Sources */,
				4C07CF9E258A315D005EFF74 /* SideMenu.swift in Sources */,
				4C07CFD7258A66C3005EFF74 /* PlacesTableView.swift in Sources */,
				4C07CFBA258A433A005EFF74 /* HomeCell.swift in Sources */,
			);
			runOnlyForDeploymentPostprocessing = 0;
		};
		4CEA74A3258A0B6900F0183C /* Sources */ = {
			isa = PBXSourcesBuildPhase;
			buildActionMask = 2147483647;
			files = (
				4CEA74AC258A0B6900F0183C /* StumioTests.swift in Sources */,
			);
			runOnlyForDeploymentPostprocessing = 0;
		};
		4CEA74AE258A0B6900F0183C /* Sources */ = {
			isa = PBXSourcesBuildPhase;
			buildActionMask = 2147483647;
			files = (
				4CEA74B7258A0B6900F0183C /* StumioUITests.swift in Sources */,
			);
			runOnlyForDeploymentPostprocessing = 0;
		};
/* End PBXSourcesBuildPhase section */

/* Begin PBXTargetDependency section */
		4CEA74A9258A0B6900F0183C /* PBXTargetDependency */ = {
			isa = PBXTargetDependency;
			target = 4CEA7490258A0B6400F0183C /* Stumio */;
			targetProxy = 4CEA74A8258A0B6900F0183C /* PBXContainerItemProxy */;
		};
		4CEA74B4258A0B6900F0183C /* PBXTargetDependency */ = {
			isa = PBXTargetDependency;
			target = 4CEA7490258A0B6400F0183C /* Stumio */;
			targetProxy = 4CEA74B3258A0B6900F0183C /* PBXContainerItemProxy */;
		};
/* End PBXTargetDependency section */

/* Begin PBXVariantGroup section */
		4CEA749A258A0B6400F0183C /* Main.storyboard */ = {
			isa = PBXVariantGroup;
			children = (
				4CEA749B258A0B6400F0183C /* Base */,
			);
			name = Main.storyboard;
			sourceTree = "<group>";
		};
		4CEA749F258A0B6800F0183C /* LaunchScreen.storyboard */ = {
			isa = PBXVariantGroup;
			children = (
				4CEA74A0258A0B6800F0183C /* Base */,
			);
			name = LaunchScreen.storyboard;
			sourceTree = "<group>";
		};
/* End PBXVariantGroup section */

/* Begin XCBuildConfiguration section */
		4CEA74B9258A0B6900F0183C /* Debug */ = {
			isa = XCBuildConfiguration;
			buildSettings = {
				ALWAYS_SEARCH_USER_PATHS = NO;
				CLANG_ANALYZER_NONNULL = YES;
				CLANG_ANALYZER_NUMBER_OBJECT_CONVERSION = YES_AGGRESSIVE;
				CLANG_CXX_LANGUAGE_STANDARD = "gnu++14";
				CLANG_CXX_LIBRARY = "libc++";
				CLANG_ENABLE_MODULES = YES;
				CLANG_ENABLE_OBJC_ARC = YES;
				CLANG_ENABLE_OBJC_WEAK = YES;
				CLANG_WARN_BLOCK_CAPTURE_AUTORELEASING = YES;
				CLANG_WARN_BOOL_CONVERSION = YES;
				CLANG_WARN_COMMA = YES;
				CLANG_WARN_CONSTANT_CONVERSION = YES;
				CLANG_WARN_DEPRECATED_OBJC_IMPLEMENTATIONS = YES;
				CLANG_WARN_DIRECT_OBJC_ISA_USAGE = YES_ERROR;
				CLANG_WARN_DOCUMENTATION_COMMENTS = YES;
				CLANG_WARN_EMPTY_BODY = YES;
				CLANG_WARN_ENUM_CONVERSION = YES;
				CLANG_WARN_INFINITE_RECURSION = YES;
				CLANG_WARN_INT_CONVERSION = YES;
				CLANG_WARN_NON_LITERAL_NULL_CONVERSION = YES;
				CLANG_WARN_OBJC_IMPLICIT_RETAIN_SELF = YES;
				CLANG_WARN_OBJC_LITERAL_CONVERSION = YES;
				CLANG_WARN_OBJC_ROOT_CLASS = YES_ERROR;
				CLANG_WARN_QUOTED_INCLUDE_IN_FRAMEWORK_HEADER = YES;
				CLANG_WARN_RANGE_LOOP_ANALYSIS = YES;
				CLANG_WARN_STRICT_PROTOTYPES = YES;
				CLANG_WARN_SUSPICIOUS_MOVE = YES;
				CLANG_WARN_UNGUARDED_AVAILABILITY = YES_AGGRESSIVE;
				CLANG_WARN_UNREACHABLE_CODE = YES;
				CLANG_WARN__DUPLICATE_METHOD_MATCH = YES;
				COPY_PHASE_STRIP = NO;
				DEBUG_INFORMATION_FORMAT = dwarf;
				ENABLE_STRICT_OBJC_MSGSEND = YES;
				ENABLE_TESTABILITY = YES;
				GCC_C_LANGUAGE_STANDARD = gnu11;
				GCC_DYNAMIC_NO_PIC = NO;
				GCC_NO_COMMON_BLOCKS = YES;
				GCC_OPTIMIZATION_LEVEL = 0;
				GCC_PREPROCESSOR_DEFINITIONS = (
					"DEBUG=1",
					"$(inherited)",
				);
				GCC_WARN_64_TO_32_BIT_CONVERSION = YES;
				GCC_WARN_ABOUT_RETURN_TYPE = YES_ERROR;
				GCC_WARN_UNDECLARED_SELECTOR = YES;
				GCC_WARN_UNINITIALIZED_AUTOS = YES_AGGRESSIVE;
				GCC_WARN_UNUSED_FUNCTION = YES;
				GCC_WARN_UNUSED_VARIABLE = YES;
				IPHONEOS_DEPLOYMENT_TARGET = 14.2;
				MTL_ENABLE_DEBUG_INFO = INCLUDE_SOURCE;
				MTL_FAST_MATH = YES;
				ONLY_ACTIVE_ARCH = YES;
				SDKROOT = iphoneos;
				SWIFT_ACTIVE_COMPILATION_CONDITIONS = DEBUG;
				SWIFT_OPTIMIZATION_LEVEL = "-Onone";
			};
			name = Debug;
		};
		4CEA74BA258A0B6900F0183C /* Release */ = {
			isa = XCBuildConfiguration;
			buildSettings = {
				ALWAYS_SEARCH_USER_PATHS = NO;
				CLANG_ANALYZER_NONNULL = YES;
				CLANG_ANALYZER_NUMBER_OBJECT_CONVERSION = YES_AGGRESSIVE;
				CLANG_CXX_LANGUAGE_STANDARD = "gnu++14";
				CLANG_CXX_LIBRARY = "libc++";
				CLANG_ENABLE_MODULES = YES;
				CLANG_ENABLE_OBJC_ARC = YES;
				CLANG_ENABLE_OBJC_WEAK = YES;
				CLANG_WARN_BLOCK_CAPTURE_AUTORELEASING = YES;
				CLANG_WARN_BOOL_CONVERSION = YES;
				CLANG_WARN_COMMA = YES;
				CLANG_WARN_CONSTANT_CONVERSION = YES;
				CLANG_WARN_DEPRECATED_OBJC_IMPLEMENTATIONS = YES;
				CLANG_WARN_DIRECT_OBJC_ISA_USAGE = YES_ERROR;
				CLANG_WARN_DOCUMENTATION_COMMENTS = YES;
				CLANG_WARN_EMPTY_BODY = YES;
				CLANG_WARN_ENUM_CONVERSION = YES;
				CLANG_WARN_INFINITE_RECURSION = YES;
				CLANG_WARN_INT_CONVERSION = YES;
				CLANG_WARN_NON_LITERAL_NULL_CONVERSION = YES;
				CLANG_WARN_OBJC_IMPLICIT_RETAIN_SELF = YES;
				CLANG_WARN_OBJC_LITERAL_CONVERSION = YES;
				CLANG_WARN_OBJC_ROOT_CLASS = YES_ERROR;
				CLANG_WARN_QUOTED_INCLUDE_IN_FRAMEWORK_HEADER = YES;
				CLANG_WARN_RANGE_LOOP_ANALYSIS = YES;
				CLANG_WARN_STRICT_PROTOTYPES = YES;
				CLANG_WARN_SUSPICIOUS_MOVE = YES;
				CLANG_WARN_UNGUARDED_AVAILABILITY = YES_AGGRESSIVE;
				CLANG_WARN_UNREACHABLE_CODE = YES;
				CLANG_WARN__DUPLICATE_METHOD_MATCH = YES;
				COPY_PHASE_STRIP = NO;
				DEBUG_INFORMATION_FORMAT = "dwarf-with-dsym";
				ENABLE_NS_ASSERTIONS = NO;
				ENABLE_STRICT_OBJC_MSGSEND = YES;
				GCC_C_LANGUAGE_STANDARD = gnu11;
				GCC_NO_COMMON_BLOCKS = YES;
				GCC_WARN_64_TO_32_BIT_CONVERSION = YES;
				GCC_WARN_ABOUT_RETURN_TYPE = YES_ERROR;
				GCC_WARN_UNDECLARED_SELECTOR = YES;
				GCC_WARN_UNINITIALIZED_AUTOS = YES_AGGRESSIVE;
				GCC_WARN_UNUSED_FUNCTION = YES;
				GCC_WARN_UNUSED_VARIABLE = YES;
				IPHONEOS_DEPLOYMENT_TARGET = 14.2;
				MTL_ENABLE_DEBUG_INFO = NO;
				MTL_FAST_MATH = YES;
				SDKROOT = iphoneos;
				SWIFT_COMPILATION_MODE = wholemodule;
				SWIFT_OPTIMIZATION_LEVEL = "-O";
				VALIDATE_PRODUCT = YES;
			};
			name = Release;
		};
		4CEA74BC258A0B6900F0183C /* Debug */ = {
			isa = XCBuildConfiguration;
			baseConfigurationReference = 0F6E7836F7C9DA43F6126A22 /* Pods-Stumio.debug.xcconfig */;
			buildSettings = {
				ASSETCATALOG_COMPILER_APPICON_NAME = AppIcon;
				ASSETCATALOG_COMPILER_GLOBAL_ACCENT_COLOR_NAME = AccentColor;
				CLANG_WARN_QUOTED_INCLUDE_IN_FRAMEWORK_HEADER = NO;
				CODE_SIGN_STYLE = Automatic;
				DEVELOPMENT_TEAM = Q2WJ7VT82Z;
				INFOPLIST_FILE = Stumio/Info.plist;
				IPHONEOS_DEPLOYMENT_TARGET = 14.3;
				LD_RUNPATH_SEARCH_PATHS = (
					"$(inherited)",
					"@executable_path/Frameworks",
				);
				PRODUCT_BUNDLE_IDENTIFIER = "nass---co.Stumio";
				PRODUCT_NAME = "$(TARGET_NAME)";
				SWIFT_VERSION = 5.0;
				TARGETED_DEVICE_FAMILY = "1,2";
			};
			name = Debug;
		};
		4CEA74BD258A0B6900F0183C /* Release */ = {
			isa = XCBuildConfiguration;
			baseConfigurationReference = 8ABC660FFDC70F2C7483547B /* Pods-Stumio.release.xcconfig */;
			buildSettings = {
				ASSETCATALOG_COMPILER_APPICON_NAME = AppIcon;
				ASSETCATALOG_COMPILER_GLOBAL_ACCENT_COLOR_NAME = AccentColor;
				CLANG_WARN_QUOTED_INCLUDE_IN_FRAMEWORK_HEADER = NO;
				CODE_SIGN_STYLE = Automatic;
				DEVELOPMENT_TEAM = Q2WJ7VT82Z;
				INFOPLIST_FILE = Stumio/Info.plist;
				IPHONEOS_DEPLOYMENT_TARGET = 14.3;
				LD_RUNPATH_SEARCH_PATHS = (
					"$(inherited)",
					"@executable_path/Frameworks",
				);
				PRODUCT_BUNDLE_IDENTIFIER = "nass---co.Stumio";
				PRODUCT_NAME = "$(TARGET_NAME)";
				SWIFT_VERSION = 5.0;
				TARGETED_DEVICE_FAMILY = "1,2";
			};
			name = Release;
		};
		4CEA74BF258A0B6900F0183C /* Debug */ = {
			isa = XCBuildConfiguration;
			baseConfigurationReference = B98B6D107B74BD6794C9850F /* Pods-StumioTests.debug.xcconfig */;
			buildSettings = {
				ALWAYS_EMBED_SWIFT_STANDARD_LIBRARIES = YES;
				BUNDLE_LOADER = "$(TEST_HOST)";
				CODE_SIGN_STYLE = Automatic;
				DEVELOPMENT_TEAM = Q2WJ7VT82Z;
				INFOPLIST_FILE = StumioTests/Info.plist;
				IPHONEOS_DEPLOYMENT_TARGET = 14.2;
				LD_RUNPATH_SEARCH_PATHS = (
					"$(inherited)",
					"@executable_path/Frameworks",
					"@loader_path/Frameworks",
				);
				PRODUCT_BUNDLE_IDENTIFIER = "nass---co.StumioTests";
				PRODUCT_NAME = "$(TARGET_NAME)";
				SWIFT_VERSION = 5.0;
				TARGETED_DEVICE_FAMILY = "1,2";
				TEST_HOST = "$(BUILT_PRODUCTS_DIR)/Stumio.app/Stumio";
			};
			name = Debug;
		};
		4CEA74C0258A0B6900F0183C /* Release */ = {
			isa = XCBuildConfiguration;
			baseConfigurationReference = 642DC9A515B877F3B05B625B /* Pods-StumioTests.release.xcconfig */;
			buildSettings = {
				ALWAYS_EMBED_SWIFT_STANDARD_LIBRARIES = YES;
				BUNDLE_LOADER = "$(TEST_HOST)";
				CODE_SIGN_STYLE = Automatic;
				DEVELOPMENT_TEAM = Q2WJ7VT82Z;
				INFOPLIST_FILE = StumioTests/Info.plist;
				IPHONEOS_DEPLOYMENT_TARGET = 14.2;
				LD_RUNPATH_SEARCH_PATHS = (
					"$(inherited)",
					"@executable_path/Frameworks",
					"@loader_path/Frameworks",
				);
				PRODUCT_BUNDLE_IDENTIFIER = "nass---co.StumioTests";
				PRODUCT_NAME = "$(TARGET_NAME)";
				SWIFT_VERSION = 5.0;
				TARGETED_DEVICE_FAMILY = "1,2";
				TEST_HOST = "$(BUILT_PRODUCTS_DIR)/Stumio.app/Stumio";
			};
			name = Release;
		};
		4CEA74C2258A0B6900F0183C /* Debug */ = {
			isa = XCBuildConfiguration;
			baseConfigurationReference = F6D4B864489F2D003C6AE882 /* Pods-Stumio-StumioUITests.debug.xcconfig */;
			buildSettings = {
				ALWAYS_EMBED_SWIFT_STANDARD_LIBRARIES = YES;
				CODE_SIGN_STYLE = Automatic;
				DEVELOPMENT_TEAM = Q2WJ7VT82Z;
				INFOPLIST_FILE = StumioUITests/Info.plist;
				LD_RUNPATH_SEARCH_PATHS = (
					"$(inherited)",
					"@executable_path/Frameworks",
					"@loader_path/Frameworks",
				);
				PRODUCT_BUNDLE_IDENTIFIER = "nass---co.StumioUITests";
				PRODUCT_NAME = "$(TARGET_NAME)";
				SWIFT_VERSION = 5.0;
				TARGETED_DEVICE_FAMILY = "1,2";
				TEST_TARGET_NAME = Stumio;
			};
			name = Debug;
		};
		4CEA74C3258A0B6900F0183C /* Release */ = {
			isa = XCBuildConfiguration;
			baseConfigurationReference = B81776D90CE87DE0D02C0FB5 /* Pods-Stumio-StumioUITests.release.xcconfig */;
			buildSettings = {
				ALWAYS_EMBED_SWIFT_STANDARD_LIBRARIES = YES;
				CODE_SIGN_STYLE = Automatic;
				DEVELOPMENT_TEAM = Q2WJ7VT82Z;
				INFOPLIST_FILE = StumioUITests/Info.plist;
				LD_RUNPATH_SEARCH_PATHS = (
					"$(inherited)",
					"@executable_path/Frameworks",
					"@loader_path/Frameworks",
				);
				PRODUCT_BUNDLE_IDENTIFIER = "nass---co.StumioUITests";
				PRODUCT_NAME = "$(TARGET_NAME)";
				SWIFT_VERSION = 5.0;
				TARGETED_DEVICE_FAMILY = "1,2";
				TEST_TARGET_NAME = Stumio;
			};
			name = Release;
		};
/* End XCBuildConfiguration section */

/* Begin XCConfigurationList section */
		4CEA748C258A0B6400F0183C /* Build configuration list for PBXProject "Stumio" */ = {
			isa = XCConfigurationList;
			buildConfigurations = (
				4CEA74B9258A0B6900F0183C /* Debug */,
				4CEA74BA258A0B6900F0183C /* Release */,
			);
			defaultConfigurationIsVisible = 0;
			defaultConfigurationName = Release;
		};
		4CEA74BB258A0B6900F0183C /* Build configuration list for PBXNativeTarget "Stumio" */ = {
			isa = XCConfigurationList;
			buildConfigurations = (
				4CEA74BC258A0B6900F0183C /* Debug */,
				4CEA74BD258A0B6900F0183C /* Release */,
			);
			defaultConfigurationIsVisible = 0;
			defaultConfigurationName = Release;
		};
		4CEA74BE258A0B6900F0183C /* Build configuration list for PBXNativeTarget "StumioTests" */ = {
			isa = XCConfigurationList;
			buildConfigurations = (
				4CEA74BF258A0B6900F0183C /* Debug */,
				4CEA74C0258A0B6900F0183C /* Release */,
			);
			defaultConfigurationIsVisible = 0;
			defaultConfigurationName = Release;
		};
		4CEA74C1258A0B6900F0183C /* Build configuration list for PBXNativeTarget "StumioUITests" */ = {
			isa = XCConfigurationList;
			buildConfigurations = (
				4CEA74C2258A0B6900F0183C /* Debug */,
				4CEA74C3258A0B6900F0183C /* Release */,
			);
			defaultConfigurationIsVisible = 0;
			defaultConfigurationName = Release;
		};
/* End XCConfigurationList section */
	};
	rootObject = 4CEA7489258A0B6400F0183C /* Project object */;
}
